PODS:
  - SIOSocket (0.2.2)

DEPENDENCIES:
  - SIOSocket (from `https://raw.githubusercontent.com/MegaBits/SIOSocket/master/SIOSocket.podspec`)

EXTERNAL SOURCES:
  SIOSocket:
    :podspec: https://raw.githubusercontent.com/MegaBits/SIOSocket/master/SIOSocket.podspec

SPEC CHECKSUMS:
  SIOSocket: 2bdcac8c1ae22945fb2b9aca52eaff14848b47f8

COCOAPODS: 0.35.0
